
Microsoft Visual Studio Solution File, Format Version 12.00
# Visual Studio 15
VisualStudioVersion = 15.0.28307.168
MinimumVisualStudioVersion = 10.0.40219.1
Project("{FAE04EC0-301F-11D3-BF4B-00C04F79EFBC}") = "Angular7DotNetCore2.2", "Angular7DotNetCore2.2\Angular7DotNetCore2.2.csproj", "{A2861269-4A50-4AB6-90DF-8A32189D27DA}"
EndProject
Global
	GlobalSection(SolutionConfigurationPlatforms) = preSolution
		Debug|Any CPU = Debug|Any CPU
		Release|Any CPU = Release|Any CPU
	EndGlobalSection
	GlobalSection(ProjectConfigurationPlatforms) = postSolution
		{A2861269-4A50-4AB6-90DF-8A32189D27DA}.Debug|Any CPU.ActiveCfg = Debug|Any CPU
		{A2861269-4A50-4AB6-90DF-8A32189D27DA}.Debug|Any CPU.Build.0 = Debug|Any CPU
		{A2861269-4A50-4AB6-90DF-8A32189D27DA}.Release|Any CPU.ActiveCfg = Release|Any CPU
		{A2861269-4A50-4AB6-90DF-8A32189D27DA}.Release|Any CPU.Build.0 = Release|Any CPU
	EndGlobalSection
	GlobalSection(SolutionProperties) = preSolution
		HideSolutionNode = FALSE
	EndGlobalSection
	GlobalSection(ExtensibilityGlobals) = postSolution
		SolutionGuid = {F952AD62-1DE2-47B4-A165-F450C99AB2E4}
	EndGlobalSection
EndGlobal
